dependencies:
  espressif/button:
    component_hash: d0afa32f0e50d60bc0c6fc23f7eea98adc6b02cfe70b590bc52c23c506745287
    dependencies:
    - name: espressif/cmake_utilities
      registry_url: https://components.espressif.com
      require: private
      version: '*'
    - name: idf
      require: private
      version: '>=4.0'
    source:
      registry_url: https://components.espressif.com/
      type: service
    version: 4.1.6
  espressif/cmake_utilities:
    component_hash: 351350613ceafba240b761b4ea991e0f231ac7a9f59a9ee901f751bddc0bb18f
    dependencies:
    - name: idf
      require: private
      version: '>=4.1'
    source:
      registry_url: https://components.espressif.com
      type: service
    version: 0.5.3
  espressif/esp_lcd_ili9341:
    component_hash: 31f1b793aa2110dd2ae071c21ccbff0a4eb20d9a4ee40b6294c0dc0ad9552c4e
    dependencies:
    - name: idf
      require: private
      version: '>=4.4'
    - name: espressif/cmake_utilities
      registry_url: https://components.espressif.com
      require: private
      version: 0.*
    source:
      registry_url: https://components.espressif.com/
      type: service
    version: 1.2.0
  espressif/esp_lcd_touch:
    component_hash: 3f85a7d95af876f1a6ecca8eb90a81614890d0f03a038390804e5a77e2caf862
    dependencies:
    - name: idf
      require: private
      version: '>=4.4.2'
    source:
      registry_url: https://components.espressif.com/
      type: service
    version: 1.2.1
  espressif/esp_lv_decoder:
    component_hash: 0328ad04fc6f28a3c78e7613a4127fdf64429f14b923718efb1ee37112010adc
    dependencies:
    - name: espressif/esp_new_jpeg
      registry_url: https://components.espressif.com
      require: private
      version: 1.*
    - name: espressif/libpng
      registry_url: https://components.espressif.com
      require: private
      version: 1.*
    - name: idf
      require: private
      version: '>=5.3'
    - name: lvgl/lvgl
      registry_url: https://components.espressif.com
      require: private
      version: '>=8,<10'
    source:
      registry_url: https://components.espressif.com
      type: service
    targets:
    - esp32
    - esp32s2
    - esp32s3
    - esp32s31
    - esp32p4
    - esp32c2
    - esp32c3
    - esp32c5
    - esp32c6
    version: 0.4.0
  espressif/esp_lv_fs:
    component_hash: 66896007884b817df34c964f9a114fff538ee2674e99fee7159162498b93f94b
    dependencies:
    - name: espressif/cmake_utilities
      registry_url: https://components.espressif.com
      require: private
      version: 0.*
    - name: espressif/esp_mmap_assets
      registry_url: https://components.espressif.com
      require: private
      version: '>=1.2'
    - name: idf
      require: private
      version: '>=4.4'
    - name: lvgl/lvgl
      registry_url: https://components.espressif.com
      require: private
      version: '>=8,<10'
    source:
      registry_url: https://components.espressif.com
      type: service
    version: 1.0.1
  espressif/esp_lvgl_adapter:
    component_hash: 7012f0b59ac05302ce516424557d40d87b9819028b9319bb583e8dab3610b068
    dependencies:
    - name: espressif/button
      registry_url: https://components.espressif.com
      require: public
      version: 4.*
    - name: espressif/esp_lcd_touch
      registry_url: https://components.espressif.com
      require: public
      version: 1.*
    - name: espressif/esp_lv_decoder
      registry_url: https://components.espressif.com
      require: public
      version: 0.*
    - name: espressif/esp_lv_fs
      registry_url: https://components.espressif.com
      require: public
      version: 1.*
    - name: espressif/freetype
      registry_url: https://components.espressif.com
      require: public
      version: 2.*
    - name: espressif/knob
      registry_url: https://components.espressif.com
      require: public
      version: 1.*
    - name: idf
      require: private
      version: '>=5.5'
    - name: lvgl/lvgl
      registry_url: https://components.espressif.com
      require: private
      version: '>=8,<10'
    source:
      registry_url: https://components.espressif.com/
      type: service
    version: 0.4.3~1
  espressif/esp_mmap_assets:
    component_hash: b7c559238d9f4c11048b1d7302f5474e4f4f590902433efd792bd0cbf5324f2a
    dependencies:
    - name: espressif/cmake_utilities
      registry_url: https://components.espressif.com
      require: private
      version: 0.*
    - name: idf
      require: private
      version: '>=5.0'
    source:
      registry_url: https://components.espressif.com
      type: service
    version: 2.0.0
  espressif/esp_new_jpeg:
    component_hash: 98823384f51ca298e2c9bebacd1c629148e528ed0902d18b16556df151519e68
    dependencies: []
    source:
      registry_url: https://components.espressif.com
      type: service
    targets:
    - esp32
    - esp32s2
    - esp32s3
    - esp32s31
    - esp32p4
    - esp32c2
    - esp32c3
    - esp32c5
    - esp32c6
    - esp32c61
    - esp32h4
    version: 1.0.1
  espressif/freetype:
    component_hash: a4169cdd22b3572342b2d640d7082405b8895e3214539283601c03412589b65d
    dependencies:
    - name: idf
      require: private
      version: '>=4.4'
    source:
      registry_url: https://components.espressif.com
      type: service
    version: 2.14.2
  espressif/knob:
    component_hash: 138ed090b4c9090a0a678f695b9d1884b368130c729b7333ed35bd7f4e8da80e
    dependencies:
    - name: espressif/cmake_utilities
      registry_url: https://components.espressif.com
      require: private
      version: 0.*
    - name: idf
      require: private
      version: '>=4.4.1'
    source:
      registry_url: https://components.espressif.com
      type: service
    version: 1.0.2
  espressif/libpng:
    component_hash: 30b1f2f8ddf13754b3e21d7ac134b3cc8f02957bb01d0c6deb5e9a68080d69d5
    dependencies:
    - name: idf
      require: private
      version: '>=5.0'
    - name: espressif/zlib
      registry_url: https://components.espressif.com
      require: private
      version: ^1.2.13
    source:
      registry_url: https://components.espressif.com
      type: service
    version: 1.6.58
  espressif/zlib:
    component_hash: 64ea2fd6754c5a05951f1ddb312ac835cd782e68cb5bd9dfcd1c3a107c8fbfbc
    dependencies:
    - name: idf
      require: private
      version: '>=4.4'
    source:
      registry_url: https://components.espressif.com
      type: service
    version: 1.3.2
  idf:
    source:
      type: idf
    version: 5.5.0
  lvgl/lvgl:
    component_hash: 184e532558c1c45fefed631f3e235423d22582aafb4630f3e8885c35281a49ae
    dependencies: []
    source:
      registry_url: https://components.espressif.com/
      type: service
    version: 9.5.0
direct_dependencies:
- espressif/button
- espressif/esp_lcd_ili9341
- espressif/esp_lcd_touch
- espressif/esp_lvgl_adapter
- lvgl/lvgl
manifest_hash: fc41f09c830443e5e8fcb31ad262fcb8ee8f07834f8075415dffed3ee7917c22
target: esp32s3
version: 2.0.0
